// !$*UTF8*$!
{
	archiveVersion = 1;
	classes = {
	};
	objectVersion = 53;
	objects = {

/* Begin PBXBuildFile section */
		7E01682125638FF800ABCD8C /* Spinning.swift in Sources */ = {isa = PBXBuildFile; fileRef = 7E01682025638FF800ABCD8C /* Spinning.swift */; };
		7E01682225638FF800ABCD8C /* Spinning.swift in Sources */ = {isa = PBXBuildFile; fileRef = 7E01682025638FF800ABCD8C /* Spinning.swift */; };
		7E142C70256839E6006C96CA /* EmojiArtDocumentView+Drop.swift in Sources */ = {isa = PBXBuildFile; fileRef = 7E142C6F256839E6006C96CA /* EmojiArtDocumentView+Drop.swift */; };
		7E142C71256839E6006C96CA /* EmojiArtDocumentView+Drop.swift in Sources */ = {isa = PBXBuildFile; fileRef = 7E142C6F256839E6006C96CA /* EmojiArtDocumentView+Drop.swift */; };
		7E174C83256847F600FFD75B /* PaletteChooser.swift in Sources */ = {isa = PBXBuildFile; fileRef = 7E174C82256847F600FFD75B /* PaletteChooser.swift */; };
		7E174C84256847F600FFD75B /* PaletteChooser.swift in Sources */ = {isa = PBXBuildFile; fileRef = 7E174C82256847F600FFD75B /* PaletteChooser.swift */; };
		7E1B52D22564A5BD00A79A61 /* GridLayout.swift in Sources */ = {isa = PBXBuildFile; fileRef = 7E1B52D02564A5BD00A79A61 /* GridLayout.swift */; };
		7E1B52D32564A5BD00A79A61 /* GridLayout.swift in Sources */ = {isa = PBXBuildFile; fileRef = 7E1B52D02564A5BD00A79A61 /* GridLayout.swift */; };
		7E1B52D42564A5BD00A79A61 /* Grid.swift in Sources */ = {isa = PBXBuildFile; fileRef = 7E1B52D12564A5BD00A79A61 /* Grid.swift */; };
		7E1B52D52564A5BD00A79A61 /* Grid.swift in Sources */ = {isa = PBXBuildFile; fileRef = 7E1B52D12564A5BD00A79A61 /* Grid.swift */; };
		7E316FF625684675007F46CC /* EmojiArtDocumentView+iOS.swift in Sources */ = {isa = PBXBuildFile; fileRef = 7E316FF525684675007F46CC /* EmojiArtDocumentView+iOS.swift */; };
		7E31761325687A6800DB59CD /* EmojiArtDocumentView+macOS.swift in Sources */ = {isa = PBXBuildFile; fileRef = 7EECE792256849C600FD88E0 /* EmojiArtDocumentView+macOS.swift */; };
		7E31761825687B0800DB59CD /* EmojiArtDocumentView+Gestures.swift in Sources */ = {isa = PBXBuildFile; fileRef = 7E706D7125620A3500EF5B88 /* EmojiArtDocumentView+Gestures.swift */; };
		7E5C394D25609A34001CBD97 /* EmojiArtApp.swift in Sources */ = {isa = PBXBuildFile; fileRef = 7E5C393A25609A33001CBD97 /* EmojiArtApp.swift */; };
		7E5C394E25609A34001CBD97 /* EmojiArtApp.swift in Sources */ = {isa = PBXBuildFile; fileRef = 7E5C393A25609A33001CBD97 /* EmojiArtApp.swift */; };
		7E5C394F25609A34001CBD97 /* EmojiArtDocumentViewShared.swift in Sources */ = {isa = PBXBuildFile; fileRef = 7E5C393B25609A33001CBD97 /* EmojiArtDocumentViewShared.swift */; };
		7E5C395025609A34001CBD97 /* EmojiArtDocumentViewShared.swift in Sources */ = {isa = PBXBuildFile; fileRef = 7E5C393B25609A33001CBD97 /* EmojiArtDocumentViewShared.swift */; };
		7E5C395125609A34001CBD97 /* Assets.xcassets in Resources */ = {isa = PBXBuildFile; fileRef = 7E5C393C25609A34001CBD97 /* Assets.xcassets */; };
		7E5C395225609A34001CBD97 /* Assets.xcassets in Resources */ = {isa = PBXBuildFile; fileRef = 7E5C393C25609A34001CBD97 /* Assets.xcassets */; };
		7E5C396A25609BA0001CBD97 /* EmojiArtDocument.swift in Sources */ = {isa = PBXBuildFile; fileRef = 7E5C396925609BA0001CBD97 /* EmojiArtDocument.swift */; };
		7E5C396B25609BA0001CBD97 /* EmojiArtDocument.swift in Sources */ = {isa = PBXBuildFile; fileRef = 7E5C396925609BA0001CBD97 /* EmojiArtDocument.swift */; };
		7E5C39732560A1ED001CBD97 /* EmojiArtModel.swift in Sources */ = {isa = PBXBuildFile; fileRef = 7E5C39722560A1ED001CBD97 /* EmojiArtModel.swift */; };
		7E5C39742560A1ED001CBD97 /* EmojiArtModel.swift in Sources */ = {isa = PBXBuildFile; fileRef = 7E5C39722560A1ED001CBD97 /* EmojiArtModel.swift */; };
		7E63C3442560B35E00129EF4 /* EmojiArtExtensions.swift in Sources */ = {isa = PBXBuildFile; fileRef = 7E63C3432560B35E00129EF4 /* EmojiArtExtensions.swift */; };
		7E63C3452560B35E00129EF4 /* EmojiArtExtensions.swift in Sources */ = {isa = PBXBuildFile; fileRef = 7E63C3432560B35E00129EF4 /* EmojiArtExtensions.swift */; };
		7E63C34F2561BF3A00129EF4 /* OptionalImage.swift in Sources */ = {isa = PBXBuildFile; fileRef = 7E63C34E2561BF3A00129EF4 /* OptionalImage.swift */; };
		7E63C3502561BF3A00129EF4 /* OptionalImage.swift in Sources */ = {isa = PBXBuildFile; fileRef = 7E63C34E2561BF3A00129EF4 /* OptionalImage.swift */; };
		7E63C3542561C37D00129EF4 /* AnimatableSystemFontModifier.swift in Sources */ = {isa = PBXBuildFile; fileRef = 7E63C3532561C37D00129EF4 /* AnimatableSystemFontModifier.swift */; };
		7E63C3552561C37D00129EF4 /* AnimatableSystemFontModifier.swift in Sources */ = {isa = PBXBuildFile; fileRef = 7E63C3532561C37D00129EF4 /* AnimatableSystemFontModifier.swift */; };
		7E7030A725644D2300C747A5 /* EmojiView.swift in Sources */ = {isa = PBXBuildFile; fileRef = 7E7030A625644D2300C747A5 /* EmojiView.swift */; };
		7E7030A825644D2300C747A5 /* EmojiView.swift in Sources */ = {isa = PBXBuildFile; fileRef = 7E7030A625644D2300C747A5 /* EmojiView.swift */; };
		7E7030AC2564534500C747A5 /* EmojiView+Gestures.swift in Sources */ = {isa = PBXBuildFile; fileRef = 7E7030AB2564534500C747A5 /* EmojiView+Gestures.swift */; };
		7E7030AD2564534500C747A5 /* EmojiView+Gestures.swift in Sources */ = {isa = PBXBuildFile; fileRef = 7E7030AB2564534500C747A5 /* EmojiView+Gestures.swift */; };
		7E706D7225620A3500EF5B88 /* EmojiArtDocumentView+Gestures.swift in Sources */ = {isa = PBXBuildFile; fileRef = 7E706D7125620A3500EF5B88 /* EmojiArtDocumentView+Gestures.swift */; };
		7E80FF432564B37700B153FA /* EditableText.swift in Sources */ = {isa = PBXBuildFile; fileRef = 7E80FF422564B37700B153FA /* EditableText.swift */; };
		7E80FF442564B37700B153FA /* EditableText.swift in Sources */ = {isa = PBXBuildFile; fileRef = 7E80FF422564B37700B153FA /* EditableText.swift */; };
		7EC1E20825684B4B00D5AD8F /* EmojiArtDocumentPalette.swift in Sources */ = {isa = PBXBuildFile; fileRef = 7EC1E20725684B4B00D5AD8F /* EmojiArtDocumentPalette.swift */; };
		7EC1E20925684B4B00D5AD8F /* EmojiArtDocumentPalette.swift in Sources */ = {isa = PBXBuildFile; fileRef = 7EC1E20725684B4B00D5AD8F /* EmojiArtDocumentPalette.swift */; };
/* End PBXBuildFile section */

/* Begin PBXFileReference section */
		7E01682025638FF800ABCD8C /* Spinning.swift */ = {isa = PBXFileReference; fileEncoding = 4; lastKnownFileType = sourcecode.swift; path = Spinning.swift; sourceTree = "<group>"; };
		7E142C6F256839E6006C96CA /* EmojiArtDocumentView+Drop.swift */ = {isa = PBXFileReference; lastKnownFileType = sourcecode.swift; path = "EmojiArtDocumentView+Drop.swift"; sourceTree = "<group>"; };
		7E174C82256847F600FFD75B /* PaletteChooser.swift */ = {isa = PBXFileReference; fileEncoding = 4; lastKnownFileType = sourcecode.swift; path = PaletteChooser.swift; sourceTree = "<group>"; };
		7E1B52D02564A5BD00A79A61 /* GridLayout.swift */ = {isa = PBXFileReference; fileEncoding = 4; lastKnownFileType = sourcecode.swift; path = GridLayout.swift; sourceTree = "<group>"; };
		7E1B52D12564A5BD00A79A61 /* Grid.swift */ = {isa = PBXFileReference; fileEncoding = 4; lastKnownFileType = sourcecode.swift; path = Grid.swift; sourceTree = "<group>"; };
		7E2B8BB7256390A900F3B72A /* .gitignore */ = {isa = PBXFileReference; lastKnownFileType = text; path = .gitignore; sourceTree = SOURCE_ROOT; };
		7E316FF525684675007F46CC /* EmojiArtDocumentView+iOS.swift */ = {isa = PBXFileReference; lastKnownFileType = sourcecode.swift; path = "EmojiArtDocumentView+iOS.swift"; sourceTree = "<group>"; };
		7E5C393A25609A33001CBD97 /* EmojiArtApp.swift */ = {isa = PBXFileReference; lastKnownFileType = sourcecode.swift; path = EmojiArtApp.swift; sourceTree = "<group>"; };
		7E5C393B25609A33001CBD97 /* EmojiArtDocumentViewShared.swift */ = {isa = PBXFileReference; lastKnownFileType = sourcecode.swift; path = EmojiArtDocumentViewShared.swift; sourceTree = "<group>"; };
		7E5C393C25609A34001CBD97 /* Assets.xcassets */ = {isa = PBXFileReference; lastKnownFileType = folder.assetcatalog; path = Assets.xcassets; sourceTree = "<group>"; };
		7E5C394125609A34001CBD97 /* EmojiArt.app */ = {isa = PBXFileReference; explicitFileType = wrapper.application; includeInIndex = 0; path = EmojiArt.app; sourceTree = BUILT_PRODUCTS_DIR; };
		7E5C394425609A34001CBD97 /* Info.plist */ = {isa = PBXFileReference; lastKnownFileType = text.plist.xml; path = Info.plist; sourceTree = "<group>"; };
		7E5C394925609A34001CBD97 /* EmojiArt.app */ = {isa = PBXFileReference; explicitFileType = wrapper.application; includeInIndex = 0; path = EmojiArt.app; sourceTree = BUILT_PRODUCTS_DIR; };
		7E5C394B25609A34001CBD97 /* Info.plist */ = {isa = PBXFileReference; lastKnownFileType = text.plist.xml; path = Info.plist; sourceTree = "<group>"; };
		7E5C394C25609A34001CBD97 /* macOS.entitlements */ = {isa = PBXFileReference; lastKnownFileType = text.plist.entitlements; path = macOS.entitlements; sourceTree = "<group>"; };
		7E5C396125609B40001CBD97 /* Podfile */ = {isa = PBXFileReference; lastKnownFileType = text; path = Podfile; sourceTree = SOURCE_ROOT; };
		7E5C396925609BA0001CBD97 /* EmojiArtDocument.swift */ = {isa = PBXFileReference; lastKnownFileType = sourcecode.swift; path = EmojiArtDocument.swift; sourceTree = "<group>"; };
		7E5C39722560A1ED001CBD97 /* EmojiArtModel.swift */ = {isa = PBXFileReference; lastKnownFileType = sourcecode.swift; path = EmojiArtModel.swift; sourceTree = "<group>"; };
		7E63C3432560B35E00129EF4 /* EmojiArtExtensions.swift */ = {isa = PBXFileReference; fileEncoding = 4; lastKnownFileType = sourcecode.swift; path = EmojiArtExtensions.swift; sourceTree = "<group>"; };
		7E63C34E2561BF3A00129EF4 /* OptionalImage.swift */ = {isa = PBXFileReference; lastKnownFileType = sourcecode.swift; path = OptionalImage.swift; sourceTree = "<group>"; };
		7E63C3532561C37D00129EF4 /* AnimatableSystemFontModifier.swift */ = {isa = PBXFileReference; fileEncoding = 4; lastKnownFileType = sourcecode.swift; path = AnimatableSystemFontModifier.swift; sourceTree = "<group>"; };
		7E7030A625644D2300C747A5 /* EmojiView.swift */ = {isa = PBXFileReference; lastKnownFileType = sourcecode.swift; path = EmojiView.swift; sourceTree = "<group>"; };
		7E7030AB2564534500C747A5 /* EmojiView+Gestures.swift */ = {isa = PBXFileReference; lastKnownFileType = sourcecode.swift; path = "EmojiView+Gestures.swift"; sourceTree = "<group>"; };
		7E706D7125620A3500EF5B88 /* EmojiArtDocumentView+Gestures.swift */ = {isa = PBXFileReference; lastKnownFileType = sourcecode.swift; path = "EmojiArtDocumentView+Gestures.swift"; sourceTree = "<group>"; };
		7E80FF422564B37700B153FA /* EditableText.swift */ = {isa = PBXFileReference; fileEncoding = 4; lastKnownFileType = sourcecode.swift; path = EditableText.swift; sourceTree = "<group>"; };
		7EC1E20725684B4B00D5AD8F /* EmojiArtDocumentPalette.swift */ = {isa = PBXFileReference; fileEncoding = 4; lastKnownFileType = sourcecode.swift; path = EmojiArtDocumentPalette.swift; sourceTree = "<group>"; };
		7EECE792256849C600FD88E0 /* EmojiArtDocumentView+macOS.swift */ = {isa = PBXFileReference; lastKnownFileType = sourcecode.swift; path = "EmojiArtDocumentView+macOS.swift"; sourceTree = "<group>"; };
		B2240320E5624D03E4AE9232 /* Pods-EmojiArt (iOS).debug.xcconfig */ = {isa = PBXFileReference; includeInIndex = 1; lastKnownFileType = text.xcconfig; name = "Pods-EmojiArt (iOS).debug.xcconfig"; path = "Target Support Files/Pods-EmojiArt (iOS)/Pods-EmojiArt (iOS).debug.xcconfig"; sourceTree = "<group>"; };
		BFBB1ED449DEF94794E1B2F6 /* Pods-EmojiArt (iOS).release.xcconfig */ = {isa = PBXFileReference; includeInIndex = 1; lastKnownFileType = text.xcconfig; name = "Pods-EmojiArt (iOS).release.xcconfig"; path = "Target Support Files/Pods-EmojiArt (iOS)/Pods-EmojiArt (iOS).release.xcconfig"; sourceTree = "<group>"; };
/* End PBXFileReference section */

/* Begin PBXFrameworksBuildPhase section */
		7E5C393E25609A34001CBD97 /* Frameworks */ = {
			isa = PBXFrameworksBuildPhase;
			buildActionMask = 2147483647;
			files = (
			);
			runOnlyForDeploymentPostprocessing = 0;
		};
		7E5C394625609A34001CBD97 /* Frameworks */ = {
			isa = PBXFrameworksBuildPhase;
			buildActionMask = 2147483647;
			files = (
			);
			runOnlyForDeploymentPostprocessing = 0;
		};
/* End PBXFrameworksBuildPhase section */

/* Begin PBXGroup section */
		123864DCD3638C015399A434 /* Pods */ = {
			isa = PBXGroup;
			children = (
				7E5C396125609B40001CBD97 /* Podfile */,
				7E2B8BB7256390A900F3B72A /* .gitignore */,
				B2240320E5624D03E4AE9232 /* Pods-EmojiArt (iOS).debug.xcconfig */,
				BFBB1ED449DEF94794E1B2F6 /* Pods-EmojiArt (iOS).release.xcconfig */,
			);
			path = Pods;
			sourceTree = "<group>";
		};
		7E5B712625638F7900AC1522 /* Support */ = {
			isa = PBXGroup;
			children = (
				7E5C393C25609A34001CBD97 /* Assets.xcassets */,
				7E63C3432560B35E00129EF4 /* EmojiArtExtensions.swift */,
				7E1B52D12564A5BD00A79A61 /* Grid.swift */,
				7E80FF422564B37700B153FA /* EditableText.swift */,
				7E1B52D02564A5BD00A79A61 /* GridLayout.swift */,
				7E01682025638FF800ABCD8C /* Spinning.swift */,
				7E63C3532561C37D00129EF4 /* AnimatableSystemFontModifier.swift */,
				7E63C34E2561BF3A00129EF4 /* OptionalImage.swift */,
			);
			path = Support;
			sourceTree = "<group>";
		};
		7E5C393425609A33001CBD97 = {
			isa = PBXGroup;
			children = (
				7E5C393925609A33001CBD97 /* Shared */,
				7E5C394325609A34001CBD97 /* iOS */,
				7E5C394A25609A34001CBD97 /* macOS */,
				7E5C394225609A34001CBD97 /* Products */,
				123864DCD3638C015399A434 /* Pods */,
			);
			sourceTree = "<group>";
		};
		7E5C393925609A33001CBD97 /* Shared */ = {
			isa = PBXGroup;
			children = (
				7E5C393A25609A33001CBD97 /* EmojiArtApp.swift */,
				7E5C39722560A1ED001CBD97 /* EmojiArtModel.swift */,
				7E5C396925609BA0001CBD97 /* EmojiArtDocument.swift */,
				7E174C82256847F600FFD75B /* PaletteChooser.swift */,
				7EC1E20725684B4B00D5AD8F /* EmojiArtDocumentPalette.swift */,
				7E7030A625644D2300C747A5 /* EmojiView.swift */,
				7E7030AB2564534500C747A5 /* EmojiView+Gestures.swift */,
				7E142C6F256839E6006C96CA /* EmojiArtDocumentView+Drop.swift */,
				7E706D7125620A3500EF5B88 /* EmojiArtDocumentView+Gestures.swift */,
				7E5C393B25609A33001CBD97 /* EmojiArtDocumentViewShared.swift */,
				7E5B712625638F7900AC1522 /* Support */,
			);
			path = Shared;
			sourceTree = "<group>";
		};
		7E5C394225609A34001CBD97 /* Products */ = {
			isa = PBXGroup;
			children = (
				7E5C394125609A34001CBD97 /* EmojiArt.app */,
				7E5C394925609A34001CBD97 /* EmojiArt.app */,
			);
			name = Products;
			sourceTree = "<group>";
		};
		7E5C394325609A34001CBD97 /* iOS */ = {
			isa = PBXGroup;
			children = (
				7E316FF525684675007F46CC /* EmojiArtDocumentView+iOS.swift */,
				7E5C394425609A34001CBD97 /* Info.plist */,
			);
			path = iOS;
			sourceTree = "<group>";
		};
		7E5C394A25609A34001CBD97 /* macOS */ = {
			isa = PBXGroup;
			children = (
				7EECE792256849C600FD88E0 /* EmojiArtDocumentView+macOS.swift */,
				7E5C394B25609A34001CBD97 /* Info.plist */,
				7E5C394C25609A34001CBD97 /* macOS.entitlements */,
			);
			path = macOS;
			sourceTree = "<group>";
		};
/* End PBXGroup section */

/* Begin PBXNativeTarget section */
		7E5C394025609A34001CBD97 /* EmojiArt (iOS) */ = {
			isa = PBXNativeTarget;
			buildConfigurationList = 7E5C395525609A34001CBD97 /* Build configuration list for PBXNativeTarget "EmojiArt (iOS)" */;
			buildPhases = (
				2738FE2F9201A1CE38B00632 /* [CP] Check Pods Manifest.lock */,
				7E5C393D25609A34001CBD97 /* Sources */,
				7E5C393E25609A34001CBD97 /* Frameworks */,
				7E5C393F25609A34001CBD97 /* Resources */,
				7E5C396225609B50001CBD97 /* SwiftLint */,
			);
			buildRules = (
			);
			dependencies = (
			);
			name = "EmojiArt (iOS)";
			productName = "EmojiArt (iOS)";
			productReference = 7E5C394125609A34001CBD97 /* EmojiArt.app */;
			productType = "com.apple.product-type.application";
		};
		7E5C394825609A34001CBD97 /* EmojiArt (macOS) */ = {
			isa = PBXNativeTarget;
			buildConfigurationList = 7E5C395825609A34001CBD97 /* Build configuration list for PBXNativeTarget "EmojiArt (macOS)" */;
			buildPhases = (
				7E5C394525609A34001CBD97 /* Sources */,
				7E5C394625609A34001CBD97 /* Frameworks */,
				7E5C394725609A34001CBD97 /* Resources */,
			);
			buildRules = (
			);
			dependencies = (
			);
			name = "EmojiArt (macOS)";
			productName = "EmojiArt (macOS)";
			productReference = 7E5C394925609A34001CBD97 /* EmojiArt.app */;
			productType = "com.apple.product-type.application";
		};
/* End PBXNativeTarget section */

/* Begin PBXProject section */
		7E5C393525609A33001CBD97 /* Project object */ = {
			isa = PBXProject;
			attributes = {
				BuildIndependentTargetsInParallel = YES;
				LastSwiftUpdateCheck = 1220;
				LastUpgradeCheck = 1220;
				TargetAttributes = {
					7E5C394025609A34001CBD97 = {
						CreatedOnToolsVersion = 12.2;
					};
					7E5C394825609A34001CBD97 = {
						CreatedOnToolsVersion = 12.2;
					};
				};
			};
			buildConfigurationList = 7E5C393825609A33001CBD97 /* Build configuration list for PBXProject "EmojiArt" */;
			compatibilityVersion = "Xcode 9.3";
			developmentRegion = en;
			hasScannedForEncodings = 0;
			knownRegions = (
				en,
				Base,
			);
			mainGroup = 7E5C393425609A33001CBD97;
			productRefGroup = 7E5C394225609A34001CBD97 /* Products */;
			projectDirPath = "";
			projectRoot = "";
			targets = (
				7E5C394025609A34001CBD97 /* EmojiArt (iOS) */,
				7E5C394825609A34001CBD97 /* EmojiArt (macOS) */,
			);
		};
/* End PBXProject section */

/* Begin PBXResourcesBuildPhase section */
		7E5C393F25609A34001CBD97 /* Resources */ = {
			isa = PBXResourcesBuildPhase;
			buildActionMask = 2147483647;
			files = (
				7E5C395125609A34001CBD97 /* Assets.xcassets in Resources */,
			);
			runOnlyForDeploymentPostprocessing = 0;
		};
		7E5C394725609A34001CBD97 /* Resources */ = {
			isa = PBXResourcesBuildPhase;
			buildActionMask = 2147483647;
			files = (
				7E5C395225609A34001CBD97 /* Assets.xcassets in Resources */,
			);
			runOnlyForDeploymentPostprocessing = 0;
		};
/* End PBXResourcesBuildPhase section */

/* Begin PBXShellScriptBuildPhase section */
		2738FE2F9201A1CE38B00632 /* [CP] Check Pods Manifest.lock */ = {
			isa = PBXShellScriptBuildPhase;
			buildActionMask = 2147483647;
			files = (
			);
			inputFileListPaths = (
			);
			inputPaths = (
				"${PODS_PODFILE_DIR_PATH}/Podfile.lock",
				"${PODS_ROOT}/Manifest.lock",
			);
			name = "[CP] Check Pods Manifest.lock";
			outputFileListPaths = (
			);
			outputPaths = (
				"$(DERIVED_FILE_DIR)/Pods-EmojiArt (iOS)-checkManifestLockResult.txt",
			);
			runOnlyForDeploymentPostprocessing = 0;
			shellPath = /bin/sh;
			shellScript = "diff \"${PODS_PODFILE_DIR_PATH}/Podfile.lock\" \"${PODS_ROOT}/Manifest.lock\" > /dev/null\nif [ $? != 0 ] ; then\n    # print error to STDERR\n    echo \"error: The sandbox is not in sync with the Podfile.lock. Run 'pod install' or update your CocoaPods installation.\" >&2\n    exit 1\nfi\n# This output is used by Xcode 'outputs' to avoid re-running this script phase.\necho \"SUCCESS\" > \"${SCRIPT_OUTPUT_FILE_0}\"\n";
			showEnvVarsInLog = 0;
		};
		7E5C396225609B50001CBD97 /* SwiftLint */ = {
			isa = PBXShellScriptBuildPhase;
			buildActionMask = 2147483647;
			files = (
			);
			inputFileListPaths = (
			);
			inputPaths = (
			);
			name = SwiftLint;
			outputFileListPaths = (
			);
			outputPaths = (
			);
			runOnlyForDeploymentPostprocessing = 0;
			shellPath = /bin/sh;
			shellScript = "\"${PODS_ROOT}/SwiftLint/swiftlint\"\n";
		};
/* End PBXShellScriptBuildPhase section */

/* Begin PBXSourcesBuildPhase section */
		7E5C393D25609A34001CBD97 /* Sources */ = {
			isa = PBXSourcesBuildPhase;
			buildActionMask = 2147483647;
			files = (
				7E316FF625684675007F46CC /* EmojiArtDocumentView+iOS.swift in Sources */,
				7E01682125638FF800ABCD8C /* Spinning.swift in Sources */,
				7E63C3542561C37D00129EF4 /* AnimatableSystemFontModifier.swift in Sources */,
				7E5C39732560A1ED001CBD97 /* EmojiArtModel.swift in Sources */,
				7E1B52D22564A5BD00A79A61 /* GridLayout.swift in Sources */,
				7E7030AC2564534500C747A5 /* EmojiView+Gestures.swift in Sources */,
				7E7030A725644D2300C747A5 /* EmojiView.swift in Sources */,
				7E142C70256839E6006C96CA /* EmojiArtDocumentView+Drop.swift in Sources */,
				7E1B52D42564A5BD00A79A61 /* Grid.swift in Sources */,
				7E63C3442560B35E00129EF4 /* EmojiArtExtensions.swift in Sources */,
				7E706D7225620A3500EF5B88 /* EmojiArtDocumentView+Gestures.swift in Sources */,
				7E5C394F25609A34001CBD97 /* EmojiArtDocumentViewShared.swift in Sources */,
				7E80FF432564B37700B153FA /* EditableText.swift in Sources */,
				7E63C34F2561BF3A00129EF4 /* OptionalImage.swift in Sources */,
				7E5C396A25609BA0001CBD97 /* EmojiArtDocument.swift in Sources */,
				7E5C394D25609A34001CBD97 /* EmojiArtApp.swift in Sources */,
				7E174C83256847F600FFD75B /* PaletteChooser.swift in Sources */,
				7EC1E20825684B4B00D5AD8F /* EmojiArtDocumentPalette.swift in Sources */,
			);
			runOnlyForDeploymentPostprocessing = 0;
		};
		7E5C394525609A34001CBD97 /* Sources */ = {
			isa = PBXSourcesBuildPhase;
			buildActionMask = 2147483647;
			files = (
				7E31761825687B0800DB59CD /* EmojiArtDocumentView+Gestures.swift in Sources */,
				7E31761325687A6800DB59CD /* EmojiArtDocumentView+macOS.swift in Sources */,
				7E63C3552561C37D00129EF4 /* AnimatableSystemFontModifier.swift in Sources */,
				7EC1E20925684B4B00D5AD8F /* EmojiArtDocumentPalette.swift in Sources */,
				7E7030AD2564534500C747A5 /* EmojiView+Gestures.swift in Sources */,
				7E1B52D32564A5BD00A79A61 /* GridLayout.swift in Sources */,
				7E5C39742560A1ED001CBD97 /* EmojiArtModel.swift in Sources */,
				7E63C3452560B35E00129EF4 /* EmojiArtExtensions.swift in Sources */,
				7E5C395025609A34001CBD97 /* EmojiArtDocumentViewShared.swift in Sources */,
				7E1B52D52564A5BD00A79A61 /* Grid.swift in Sources */,
				7E63C3502561BF3A00129EF4 /* OptionalImage.swift in Sources */,
				7E80FF442564B37700B153FA /* EditableText.swift in Sources */,
				7E01682225638FF800ABCD8C /* Spinning.swift in Sources */,
				7E5C396B25609BA0001CBD97 /* EmojiArtDocument.swift in Sources */,
				7E174C84256847F600FFD75B /* PaletteChooser.swift in Sources */,
				7E5C394E25609A34001CBD97 /* EmojiArtApp.swift in Sources */,
				7E142C71256839E6006C96CA /* EmojiArtDocumentView+Drop.swift in Sources */,
				7E7030A825644D2300C747A5 /* EmojiView.swift in Sources */,
			);
			runOnlyForDeploymentPostprocessing = 0;
		};
/* End PBXSourcesBuildPhase section */

/* Begin XCBuildConfiguration section */
		7E5C395325609A34001CBD97 /* Debug */ = {
			isa = XCBuildConfiguration;
			buildSettings = {
				ALWAYS_SEARCH_USER_PATHS = NO;
				CLANG_ANALYZER_NONNULL = YES;
				CLANG_ANALYZER_NUMBER_OBJECT_CONVERSION = YES_AGGRESSIVE;
				CLANG_CXX_LANGUAGE_STANDARD = "gnu++14";
				CLANG_CXX_LIBRARY = "libc++";
				CLANG_ENABLE_MODULES = YES;
				CLANG_ENABLE_OBJC_ARC = YES;
				CLANG_ENABLE_OBJC_WEAK = YES;
				CLANG_WARN_BLOCK_CAPTURE_AUTORELEASING = YES;
				CLANG_WARN_BOOL_CONVERSION = YES;
				CLANG_WARN_COMMA = YES;
				CLANG_WARN_CONSTANT_CONVERSION = YES;
				CLANG_WARN_DEPRECATED_OBJC_IMPLEMENTATIONS = YES;
				CLANG_WARN_DIRECT_OBJC_ISA_USAGE = YES_ERROR;
				CLANG_WARN_DOCUMENTATION_COMMENTS = YES;
				CLANG_WARN_EMPTY_BODY = YES;
				CLANG_WARN_ENUM_CONVERSION = YES;
				CLANG_WARN_INFINITE_RECURSION = YES;
				CLANG_WARN_INT_CONVERSION = YES;
				CLANG_WARN_NON_LITERAL_NULL_CONVERSION = YES;
				CLANG_WARN_OBJC_IMPLICIT_RETAIN_SELF = YES;
				CLANG_WARN_OBJC_LITERAL_CONVERSION = YES;
				CLANG_WARN_OBJC_ROOT_CLASS = YES_ERROR;
				CLANG_WARN_QUOTED_INCLUDE_IN_FRAMEWORK_HEADER = YES;
				CLANG_WARN_RANGE_LOOP_ANALYSIS = YES;
				CLANG_WARN_STRICT_PROTOTYPES = YES;
				CLANG_WARN_SUSPICIOUS_MOVE = YES;
				CLANG_WARN_UNGUARDED_AVAILABILITY = YES_AGGRESSIVE;
				CLANG_WARN_UNREACHABLE_CODE = YES;
				CLANG_WARN__DUPLICATE_METHOD_MATCH = YES;
				COPY_PHASE_STRIP = NO;
				DEBUG_INFORMATION_FORMAT = dwarf;
				ENABLE_STRICT_OBJC_MSGSEND = YES;
				ENABLE_TESTABILITY = YES;
				GCC_C_LANGUAGE_STANDARD = gnu11;
				GCC_DYNAMIC_NO_PIC = NO;
				GCC_NO_COMMON_BLOCKS = YES;
				GCC_OPTIMIZATION_LEVEL = 0;
				GCC_PREPROCESSOR_DEFINITIONS = (
					"DEBUG=1",
					"$(inherited)",
				);
				GCC_WARN_64_TO_32_BIT_CONVERSION = YES;
				GCC_WARN_ABOUT_RETURN_TYPE = YES_ERROR;
				GCC_WARN_UNDECLARED_SELECTOR = YES;
				GCC_WARN_UNINITIALIZED_AUTOS = YES_AGGRESSIVE;
				GCC_WARN_UNUSED_FUNCTION = YES;
				GCC_WARN_UNUSED_VARIABLE = YES;
				MTL_ENABLE_DEBUG_INFO = INCLUDE_SOURCE;
				MTL_FAST_MATH = YES;
				ONLY_ACTIVE_ARCH = YES;
				SWIFT_ACTIVE_COMPILATION_CONDITIONS = DEBUG;
				SWIFT_OPTIMIZATION_LEVEL = "-Onone";
			};
			name = Debug;
		};
		7E5C395425609A34001CBD97 /* Release */ = {
			isa = XCBuildConfiguration;
			buildSettings = {
				ALWAYS_SEARCH_USER_PATHS = NO;
				CLANG_ANALYZER_NONNULL = YES;
				CLANG_ANALYZER_NUMBER_OBJECT_CONVERSION = YES_AGGRESSIVE;
				CLANG_CXX_LANGUAGE_STANDARD = "gnu++14";
				CLANG_CXX_LIBRARY = "libc++";
				CLANG_ENABLE_MODULES = YES;
				CLANG_ENABLE_OBJC_ARC = YES;
				CLANG_ENABLE_OBJC_WEAK = YES;
				CLANG_WARN_BLOCK_CAPTURE_AUTORELEASING = YES;
				CLANG_WARN_BOOL_CONVERSION = YES;
				CLANG_WARN_COMMA = YES;
				CLANG_WARN_CONSTANT_CONVERSION = YES;
				CLANG_WARN_DEPRECATED_OBJC_IMPLEMENTATIONS = YES;
				CLANG_WARN_DIRECT_OBJC_ISA_USAGE = YES_ERROR;
				CLANG_WARN_DOCUMENTATION_COMMENTS = YES;
				CLANG_WARN_EMPTY_BODY = YES;
				CLANG_WARN_ENUM_CONVERSION = YES;
				CLANG_WARN_INFINITE_RECURSION = YES;
				CLANG_WARN_INT_CONVERSION = YES;
				CLANG_WARN_NON_LITERAL_NULL_CONVERSION = YES;
				CLANG_WARN_OBJC_IMPLICIT_RETAIN_SELF = YES;
				CLANG_WARN_OBJC_LITERAL_CONVERSION = YES;
				CLANG_WARN_OBJC_ROOT_CLASS = YES_ERROR;
				CLANG_WARN_QUOTED_INCLUDE_IN_FRAMEWORK_HEADER = YES;
				CLANG_WARN_RANGE_LOOP_ANALYSIS = YES;
				CLANG_WARN_STRICT_PROTOTYPES = YES;
				CLANG_WARN_SUSPICIOUS_MOVE = YES;
				CLANG_WARN_UNGUARDED_AVAILABILITY = YES_AGGRESSIVE;
				CLANG_WARN_UNREACHABLE_CODE = YES;
				CLANG_WARN__DUPLICATE_METHOD_MATCH = YES;
				COPY_PHASE_STRIP = NO;
				DEBUG_INFORMATION_FORMAT = "dwarf-with-dsym";
				ENABLE_NS_ASSERTIONS = NO;
				ENABLE_STRICT_OBJC_MSGSEND = YES;
				GCC_C_LANGUAGE_STANDARD = gnu11;
				GCC_NO_COMMON_BLOCKS = YES;
				GCC_WARN_64_TO_32_BIT_CONVERSION = YES;
				GCC_WARN_ABOUT_RETURN_TYPE = YES_ERROR;
				GCC_WARN_UNDECLARED_SELECTOR = YES;
				GCC_WARN_UNINITIALIZED_AUTOS = YES_AGGRESSIVE;
				GCC_WARN_UNUSED_FUNCTION = YES;
				GCC_WARN_UNUSED_VARIABLE = YES;
				MTL_ENABLE_DEBUG_INFO = NO;
				MTL_FAST_MATH = YES;
				SWIFT_COMPILATION_MODE = wholemodule;
				SWIFT_OPTIMIZATION_LEVEL = "-O";
			};
			name = Release;
		};
		7E5C395625609A34001CBD97 /* Debug */ = {
			isa = XCBuildConfiguration;
			baseConfigurationReference = B2240320E5624D03E4AE9232 /* Pods-EmojiArt (iOS).debug.xcconfig */;
			buildSettings = {
				ASSETCATALOG_COMPILER_APPICON_NAME = AppIcon;
				ASSETCATALOG_COMPILER_GLOBAL_ACCENT_COLOR_NAME = AccentColor;
				CODE_SIGN_STYLE = Automatic;
				DEVELOPMENT_TEAM = SS9PC4DBQM;
				ENABLE_PREVIEWS = YES;
				INFOPLIST_FILE = iOS/Info.plist;
				IPHONEOS_DEPLOYMENT_TARGET = 14.0;
				LD_RUNPATH_SEARCH_PATHS = (
					"$(inherited)",
					"@executable_path/Frameworks",
				);
				PRODUCT_BUNDLE_IDENTIFIER = solarmist.EmojiArt;
				PRODUCT_NAME = EmojiArt;
				SDKROOT = iphoneos;
				SWIFT_VERSION = 5.0;
				TARGETED_DEVICE_FAMILY = "1,2";
			};
			name = Debug;
		};
		7E5C395725609A34001CBD97 /* Release */ = {
			isa = XCBuildConfiguration;
			baseConfigurationReference = BFBB1ED449DEF94794E1B2F6 /* Pods-EmojiArt (iOS).release.xcconfig */;
			buildSettings = {
				ASSETCATALOG_COMPILER_APPICON_NAME = AppIcon;
				ASSETCATALOG_COMPILER_GLOBAL_ACCENT_COLOR_NAME = AccentColor;
				CODE_SIGN_STYLE = Automatic;
				DEVELOPMENT_TEAM = SS9PC4DBQM;
				ENABLE_PREVIEWS = YES;
				INFOPLIST_FILE = iOS/Info.plist;
				IPHONEOS_DEPLOYMENT_TARGET = 14.0;
				LD_RUNPATH_SEARCH_PATHS = (
					"$(inherited)",
					"@executable_path/Frameworks",
				);
				PRODUCT_BUNDLE_IDENTIFIER = solarmist.EmojiArt;
				PRODUCT_NAME = EmojiArt;
				SDKROOT = iphoneos;
				SWIFT_VERSION = 5.0;
				TARGETED_DEVICE_FAMILY = "1,2";
				VALIDATE_PRODUCT = YES;
			};
			name = Release;
		};
		7E5C395925609A34001CBD97 /* Debug */ = {
			isa = XCBuildConfiguration;
			buildSettings = {
				ASSETCATALOG_COMPILER_APPICON_NAME = AppIcon;
				ASSETCATALOG_COMPILER_GLOBAL_ACCENT_COLOR_NAME = AccentColor;
				CODE_SIGN_ENTITLEMENTS = macOS/macOS.entitlements;
				CODE_SIGN_STYLE = Automatic;
				COMBINE_HIDPI_IMAGES = YES;
				DEVELOPMENT_TEAM = SS9PC4DBQM;
				ENABLE_HARDENED_RUNTIME = YES;
				ENABLE_PREVIEWS = YES;
				INFOPLIST_FILE = macOS/Info.plist;
				LD_RUNPATH_SEARCH_PATHS = (
					"$(inherited)",
					"@executable_path/../Frameworks",
				);
				MACOSX_DEPLOYMENT_TARGET = 11.0;
				PRODUCT_BUNDLE_IDENTIFIER = solarmist.EmojiArt;
				PRODUCT_NAME = EmojiArt;
				SDKROOT = macosx;
				SWIFT_VERSION = 5.0;
			};
			name = Debug;
		};
		7E5C395A25609A34001CBD97 /* Release */ = {
			isa = XCBuildConfiguration;
			buildSettings = {
				ASSETCATALOG_COMPILER_APPICON_NAME = AppIcon;
				ASSETCATALOG_COMPILER_GLOBAL_ACCENT_COLOR_NAME = AccentColor;
				CODE_SIGN_ENTITLEMENTS = macOS/macOS.entitlements;
				CODE_SIGN_STYLE = Automatic;
				COMBINE_HIDPI_IMAGES = YES;
				DEVELOPMENT_TEAM = SS9PC4DBQM;
				ENABLE_HARDENED_RUNTIME = YES;
				ENABLE_PREVIEWS = YES;
				INFOPLIST_FILE = macOS/Info.plist;
				LD_RUNPATH_SEARCH_PATHS = (
					"$(inherited)",
					"@executable_path/../Frameworks",
				);
				MACOSX_DEPLOYMENT_TARGET = 11.0;
				PRODUCT_BUNDLE_IDENTIFIER = solarmist.EmojiArt;
				PRODUCT_NAME = EmojiArt;
				SDKROOT = macosx;
				SWIFT_VERSION = 5.0;
			};
			name = Release;
		};
/* End XCBuildConfiguration section */

/* Begin XCConfigurationList section */
		7E5C393825609A33001CBD97 /* Build configuration list for PBXProject "EmojiArt" */ = {
			isa = XCConfigurationList;
			buildConfigurations = (
				7E5C395325609A34001CBD97 /* Debug */,
				7E5C395425609A34001CBD97 /* Release */,
			);
			defaultConfigurationIsVisible = 0;
			defaultConfigurationName = Release;
		};
		7E5C395525609A34001CBD97 /* Build configuration list for PBXNativeTarget "EmojiArt (iOS)" */ = {
			isa = XCConfigurationList;
			buildConfigurations = (
				7E5C395625609A34001CBD97 /* Debug */,
				7E5C395725609A34001CBD97 /* Release */,
			);
			defaultConfigurationIsVisible = 0;
			defaultConfigurationName = Release;
		};
		7E5C395825609A34001CBD97 /* Build configuration list for PBXNativeTarget "EmojiArt (macOS)" */ = {
			isa = XCConfigurationList;
			buildConfigurations = (
				7E5C395925609A34001CBD97 /* Debug */,
				7E5C395A25609A34001CBD97 /* Release */,
			);
			defaultConfigurationIsVisible = 0;
			defaultConfigurationName = Release;
		};
/* End XCConfigurationList section */
	};
	rootObject = 7E5C393525609A33001CBD97 /* Project object */;
}
